
Microsoft Visual Studio Solution File, Format Version 12.00
# Visual Studio Version 17
VisualStudioVersion = 17.4.33122.133
MinimumVisualStudioVersion = 10.0.40219.1
Project("{2150E333-8FDC-42A3-9474-1A3956D46DE8}") = "Frontend", "Frontend", "{25D126C1-44E6-4991-8AD1-47C016936932}"
EndProject
Project("{2150E333-8FDC-42A3-9474-1A3956D46DE8}") = "Services", "Services", "{BDD370CD-8420-4454-8642-6D6CA8CEACB3}"
EndProject
Project("{FAE04EC0-301F-11D3-BF4B-00C04F79EFBC}") = "GeekShopping.Web", "GeekShopping.Web\GeekShopping.Web.csproj", "{F8CF2F2D-37AC-4911-9B93-B16031BBF670}"
EndProject
Project("{FAE04EC0-301F-11D3-BF4B-00C04F79EFBC}") = "GeekShopping.Api", "GeekShopping.Api\GeekShopping.Api.csproj", "{C6553C21-76A2-4827-AE0A-B2AF5B9FDDE7}"
EndProject
Global
	GlobalSection(SolutionConfigurationPlatforms) = preSolution
		Debug|Any CPU = Debug|Any CPU
		Release|Any CPU = Release|Any CPU
	EndGlobalSection
	GlobalSection(ProjectConfigurationPlatforms) = postSolution
		{F8CF2F2D-37AC-4911-9B93-B16031BBF670}.Debug|Any CPU.ActiveCfg = Debug|Any CPU
		{F8CF2F2D-37AC-4911-9B93-B16031BBF670}.Debug|Any CPU.Build.0 = Debug|Any CPU
		{F8CF2F2D-37AC-4911-9B93-B16031BBF670}.Release|Any CPU.ActiveCfg = Release|Any CPU
		{F8CF2F2D-37AC-4911-9B93-B16031BBF670}.Release|Any CPU.Build.0 = Release|Any CPU
		{C6553C21-76A2-4827-AE0A-B2AF5B9FDDE7}.Debug|Any CPU.ActiveCfg = Debug|Any CPU
		{C6553C21-76A2-4827-AE0A-B2AF5B9FDDE7}.Debug|Any CPU.Build.0 = Debug|Any CPU
		{C6553C21-76A2-4827-AE0A-B2AF5B9FDDE7}.Release|Any CPU.ActiveCfg = Release|Any CPU
		{C6553C21-76A2-4827-AE0A-B2AF5B9FDDE7}.Release|Any CPU.Build.0 = Release|Any CPU
	EndGlobalSection
	GlobalSection(SolutionProperties) = preSolution
		HideSolutionNode = FALSE
	EndGlobalSection
	GlobalSection(NestedProjects) = preSolution
		{F8CF2F2D-37AC-4911-9B93-B16031BBF670} = {25D126C1-44E6-4991-8AD1-47C016936932}
		{C6553C21-76A2-4827-AE0A-B2AF5B9FDDE7} = {BDD370CD-8420-4454-8642-6D6CA8CEACB3}
	EndGlobalSection
	GlobalSection(ExtensibilityGlobals) = postSolution
		SolutionGuid = {A2346577-97B3-4D9D-BAF0-A4B09FCDBE07}
	EndGlobalSection
EndGlobal
